<?xml version="1.0" encoding="utf-8"?>
<Project ToolsVersion="4.0" xmlns="http://schemas.microsoft.com/developer/msbuild/2003">
  <ItemGroup>
    <Filter Include="源文件">
      <UniqueIdentifier>{4FC737F1-C7A5-4376-A066-2A32D752A2FF}</UniqueIdentifier>
      <Extensions>cpp;c;cc;cxx;def;odl;idl;hpj;bat;asm;asmx</Extensions>
    </Filter>
    <Filter Include="头文件">
      <UniqueIdentifier>{93995380-89BD-4b04-88EB-625FBE52EBFB}</UniqueIdentifier>
      <Extensions>h;hh;hpp;hxx;hm;inl;inc;xsd</Extensions>
    </Filter>
    <Filter Include="资源文件">
      <UniqueIdentifier>{67DA6AB6-F800-4c08-8B7A-83BB121AAD01}</UniqueIdentifier>
      <Extensions>rc;ico;cur;bmp;dlg;rc2;rct;bin;rgs;gif;jpg;jpeg;jpe;resx;tiff;tif;png;wav;mfcribbon-ms</Extensions>
    </Filter>
    <Filter Include="头文件\Source">
      <UniqueIdentifier>{31361183-339d-4924-8cb9-c25c051cc2ac}</UniqueIdentifier>
    </Filter>
    <Filter Include="头文件\Source\RHI">
      <UniqueIdentifier>{ffd5b670-eeb4-4bbc-88c3-0987d5e06475}</UniqueIdentifier>
    </Filter>
    <Filter Include="头文件\Source\Core">
      <UniqueIdentifier>{1ab40965-407d-4857-93cf-0875142b7dbe}</UniqueIdentifier>
    </Filter>
    <Filter Include="头文件\Source\DirectX11">
      <UniqueIdentifier>{8fac3d94-c72f-4735-8bdf-4733fff87a05}</UniqueIdentifier>
    </Filter>
    <Filter Include="头文件\Source\Contains">
      <UniqueIdentifier>{504a3c72-e50d-4d9b-ab06-4ca40240f424}</UniqueIdentifier>
    </Filter>
    <Filter Include="头文件\Source\Core\Platform">
      <UniqueIdentifier>{b82d1889-e6ad-4a79-93af-8b11662c2070}</UniqueIdentifier>
    </Filter>
    <Filter Include="头文件\Source\Math">
      <UniqueIdentifier>{a2f6f8cb-0e27-4e1f-8987-7e58ac1e26ec}</UniqueIdentifier>
    </Filter>
    <Filter Include="头文件\Source\DirectX11\private">
      <UniqueIdentifier>{7eb4afcc-53c9-4b39-a790-bf59e207b0eb}</UniqueIdentifier>
    </Filter>
  </ItemGroup>
  <ItemGroup>
    <ClInclude Include="Source\Core\Utility.h">
      <Filter>头文件\Source\Core</Filter>
    </ClInclude>
    <ClInclude Include="Source\RHI\RHIEnum.h">
      <Filter>头文件\Source\RHI</Filter>
    </ClInclude>
    <ClInclude Include="Source\Core\Logger.h">
      <Filter>头文件\Source\Core</Filter>
    </ClInclude>
    <ClInclude Include="Source\Core\CharDefine.h">
      <Filter>头文件\Source\Core</Filter>
    </ClInclude>
    <ClInclude Include="Source\Core\TypeDefine.h">
      <Filter>头文件\Source\Core</Filter>
    </ClInclude>
    <ClInclude Include="Source\Core\Memory.h">
      <Filter>头文件\Source\Core</Filter>
    </ClInclude>
    <ClInclude Include="Source\Core\Guid.h">
      <Filter>头文件\Source\Core</Filter>
    </ClInclude>
    <ClInclude Include="Source\Core\Platforms\MemUtil.h">
      <Filter>头文件\Source\Core\Platform</Filter>
    </ClInclude>
    <ClInclude Include="Source\Core\Platforms\StringUtil.h">
      <Filter>头文件\Source\Core\Platform</Filter>
    </ClInclude>
    <ClInclude Include="Source\Contains\TArray.h">
      <Filter>头文件\Source\Contains</Filter>
    </ClInclude>
    <ClInclude Include="Source\RHI\RHI.h">
      <Filter>头文件\Source\RHI</Filter>
    </ClInclude>
    <ClInclude Include="Source\RHI\RHIContext.h">
      <Filter>头文件\Source\RHI</Filter>
    </ClInclude>
    <ClInclude Include="Source\RHI\RHIDevice.h">
      <Filter>头文件\Source\RHI</Filter>
    </ClInclude>
    <ClInclude Include="Source\Contains\BString.h">
      <Filter>头文件\Source\Contains</Filter>
    </ClInclude>
    <ClInclude Include="Source\Contains\TMap.h">
      <Filter>头文件\Source\Contains</Filter>
    </ClInclude>
    <ClInclude Include="Source\RHI\RHITextureBase.h">
      <Filter>头文件\Source\RHI</Filter>
    </ClInclude>
    <ClInclude Include="Source\RHI\RHIShaderBase.h">
      <Filter>头文件\Source\RHI</Filter>
    </ClInclude>
    <ClInclude Include="Source\Math\BMath.h">
      <Filter>头文件\Source\Math</Filter>
    </ClInclude>
    <ClInclude Include="Source\DirectX11\RHIDirectX11ShaderBase.h">
      <Filter>头文件\Source\DirectX11</Filter>
    </ClInclude>
    <ClInclude Include="Source\DirectX11\RHIDirectX11TextureBase.h">
      <Filter>头文件\Source\DirectX11</Filter>
    </ClInclude>
    <ClInclude Include="Source\DirectX11\DirectX11Device.h">
      <Filter>头文件\Source\DirectX11</Filter>
    </ClInclude>
    <ClInclude Include="Source\DirectX11\DirectX11Context.h">
      <Filter>头文件\Source\DirectX11</Filter>
    </ClInclude>
    <ClInclude Include="Source\Math\BColor.h">
      <Filter>头文件\Source\Math</Filter>
    </ClInclude>
    <ClInclude Include="Source\DirectX11\DirectXEnumMapping.h">
      <Filter>头文件\Source\DirectX11</Filter>
    </ClInclude>
    <ClInclude Include="Source\RHI\RHIBufferBase.h">
      <Filter>头文件\Source\RHI</Filter>
    </ClInclude>
    <ClInclude Include="Source\DirectX11\DirectX11BufferBase.h">
      <Filter>头文件\Source\DirectX11</Filter>
    </ClInclude>
  </ItemGroup>
  <ItemGroup>
    <ClCompile Include="main.cpp">
      <Filter>头文件\Source</Filter>
    </ClCompile>
    <ClCompile Include="Source\DirectX11\private\DirectX11Device.cpp">
      <Filter>头文件\Source\DirectX11\private</Filter>
    </ClCompile>
  </ItemGroup>
</Project>